
Microsoft Visual Studio Solution File, Format Version 12.00
# Visual Studio 14
VisualStudioVersion = 14.0.25420.1
MinimumVisualStudioVersion = 10.0.40219.1
Project("{8BC9CEB8-8B4A-11D0-8D11-00A0C91BC942}") = "Car", "Car\Car.vcxproj", "{C5F80730-F44F-4478-BDAE-6634EFC2CA88}"
EndProject
Project("{8BC9CEB8-8B4A-11D0-8D11-00A0C91BC942}") = "Shared", "Shared\Shared.vcxproj", "{737DCD2D-BFA4-4504-A442-DE0425A9AE0B}"
EndProject
Project("{8BC9CEB8-8B4A-11D0-8D11-00A0C91BC942}") = "Controller", "Controller\Controller.vcxproj", "{C76D6F8D-C469-4909-9C27-378AAF34552D}"
EndProject
Project("{2150E333-8FDC-42A3-9474-1A3956D46DE8}") = "Solution Items", "Solution Items", "{C99C8C35-F5E7-448E-8335-3B362A4024E0}"
	ProjectSection(SolutionItems) = preProject
		init.bat = init.bat
	EndProjectSection
EndProject
Global
	GlobalSection(SolutionConfigurationPlatforms) = preSolution
		Debug|x86 = Debug|x86
		Release|x86 = Release|x86
	EndGlobalSection
	GlobalSection(ProjectConfigurationPlatforms) = postSolution
		{C5F80730-F44F-4478-BDAE-6634EFC2CA88}.Debug|x86.ActiveCfg = Debug|Win32
		{C5F80730-F44F-4478-BDAE-6634EFC2CA88}.Debug|x86.Build.0 = Debug|Win32
		{C5F80730-F44F-4478-BDAE-6634EFC2CA88}.Release|x86.ActiveCfg = Release|Win32
		{C5F80730-F44F-4478-BDAE-6634EFC2CA88}.Release|x86.Build.0 = Release|Win32
		{737DCD2D-BFA4-4504-A442-DE0425A9AE0B}.Debug|x86.ActiveCfg = Debug|Win32
		{737DCD2D-BFA4-4504-A442-DE0425A9AE0B}.Release|x86.ActiveCfg = Release|Win32
		{C76D6F8D-C469-4909-9C27-378AAF34552D}.Debug|x86.ActiveCfg = Debug|Win32
		{C76D6F8D-C469-4909-9C27-378AAF34552D}.Debug|x86.Build.0 = Debug|Win32
		{C76D6F8D-C469-4909-9C27-378AAF34552D}.Release|x86.ActiveCfg = Release|Win32
		{C76D6F8D-C469-4909-9C27-378AAF34552D}.Release|x86.Build.0 = Release|Win32
	EndGlobalSection
	GlobalSection(SolutionProperties) = preSolution
		HideSolutionNode = FALSE
	EndGlobalSection
EndGlobal
